{
  "name": "my-app",
  "version": "0.1.0",
  "lockfileVersion": 1,
  "requires": true,
  "dependencies": {
    "react-mobile-datepicker": {
      "version": "3.0.12",
      "resolved": "https://registry.npmjs.org/react-mobile-datepicker/-/react-mobile-datepicker-3.0.12.tgz",
      "integrity": "sha512-cTxbgBlbEiY7TSf2KTPi6ozyTP9TKWB71k9qTQQXidUTcFF9tomAhe3BKQszoF7pNpw9TQX6Vf1j5SLCWoAvbw=="
    }
  }
}
